// !$*UTF8*$!
{
	archiveVersion = 1;
	classes = {
	};
	objectVersion = 51;
	objects = {

/* Begin PBXBuildFile section */
		B635001423D0CE690019555D /* CoreDataStack.swift in Sources */ = {isa = PBXBuildFile; fileRef = B635001323D0CE690019555D /* CoreDataStack.swift */; };
		B635001623D0CEA10019555D /* CoreDataManager.swift in Sources */ = {isa = PBXBuildFile; fileRef = B635001523D0CEA10019555D /* CoreDataManager.swift */; };
		B64E5B7123DF525D00B70D5E /* RecipeTableViewCell.swift in Sources */ = {isa = PBXBuildFile; fileRef = B64E5B6F23DF525D00B70D5E /* RecipeTableViewCell.swift */; };
		B64E5B7223DF525D00B70D5E /* RecipeTableViewCell.xib in Resources */ = {isa = PBXBuildFile; fileRef = B64E5B7023DF525D00B70D5E /* RecipeTableViewCell.xib */; };
		B66C28C223CF9D0900CEFE22 /* SearchViewController.swift in Sources */ = {isa = PBXBuildFile; fileRef = B66C28C123CF9D0900CEFE22 /* SearchViewController.swift */; };
		B6B43DCE23E7403A00F89664 /* UIImageView+Icon.swift in Sources */ = {isa = PBXBuildFile; fileRef = B6B43DCD23E7403A00F89664 /* UIImageView+Icon.swift */; };
		B6B43DD023E7412800F89664 /* DetailViewController.swift in Sources */ = {isa = PBXBuildFile; fileRef = B6B43DCF23E7412800F89664 /* DetailViewController.swift */; };
		B6B8F0D323CE571D00E46295 /* AppDelegate.swift in Sources */ = {isa = PBXBuildFile; fileRef = B6B8F0D223CE571D00E46295 /* AppDelegate.swift */; };
		B6B8F0D523CE571D00E46295 /* SceneDelegate.swift in Sources */ = {isa = PBXBuildFile; fileRef = B6B8F0D423CE571D00E46295 /* SceneDelegate.swift */; };
		B6B8F0DA23CE571D00E46295 /* Main.storyboard in Resources */ = {isa = PBXBuildFile; fileRef = B6B8F0D823CE571D00E46295 /* Main.storyboard */; };
		B6B8F0DD23CE571D00E46295 /* Reciplease.xcdatamodeld in Sources */ = {isa = PBXBuildFile; fileRef = B6B8F0DB23CE571D00E46295 /* Reciplease.xcdatamodeld */; };
		B6B8F0DF23CE571F00E46295 /* Assets.xcassets in Resources */ = {isa = PBXBuildFile; fileRef = B6B8F0DE23CE571F00E46295 /* Assets.xcassets */; };
		B6B8F0E223CE571F00E46295 /* LaunchScreen.storyboard in Resources */ = {isa = PBXBuildFile; fileRef = B6B8F0E023CE571F00E46295 /* LaunchScreen.storyboard */; };
		B6C5661323DA1C73002222CF /* RecipeSession.swift in Sources */ = {isa = PBXBuildFile; fileRef = B6C5661223DA1C73002222CF /* RecipeSession.swift */; };
		B6C5661523DA1C89002222CF /* RecipeService.swift in Sources */ = {isa = PBXBuildFile; fileRef = B6C5661423DA1C89002222CF /* RecipeService.swift */; };
		B6C5661723DA1C9B002222CF /* ApiConfig.swift in Sources */ = {isa = PBXBuildFile; fileRef = B6C5661623DA1C9B002222CF /* ApiConfig.swift */; };
		B6C5661923DA1D55002222CF /* MapperEncoder.swift in Sources */ = {isa = PBXBuildFile; fileRef = B6C5661823DA1D55002222CF /* MapperEncoder.swift */; };
		B6C5661B23DA1D9F002222CF /* NetWorkError.swift in Sources */ = {isa = PBXBuildFile; fileRef = B6C5661A23DA1D9F002222CF /* NetWorkError.swift */; };
		B6C5661D23DA1E15002222CF /* Recipe.swift in Sources */ = {isa = PBXBuildFile; fileRef = B6C5661C23DA1E15002222CF /* Recipe.swift */; };
		B6ED263823DD9B1D0016B2E5 /* ViewController.swift in Sources */ = {isa = PBXBuildFile; fileRef = B6ED263723DD9B1D0016B2E5 /* ViewController.swift */; };
		B6ED263A23DD9D3E0016B2E5 /* FavoriteRecipeViewController.swift in Sources */ = {isa = PBXBuildFile; fileRef = B6ED263923DD9D3E0016B2E5 /* FavoriteRecipeViewController.swift */; };
		B6ED263C23DE0CB10016B2E5 /* RecipeTableViewController.swift in Sources */ = {isa = PBXBuildFile; fileRef = B6ED263B23DE0CB10016B2E5 /* RecipeTableViewController.swift */; };
		C4FB5DC31E534ACD7EA3AB4F /* Pods_Reciplease.framework in Frameworks */ = {isa = PBXBuildFile; fileRef = AF485507A72C142D954A0942 /* Pods_Reciplease.framework */; };
/* End PBXBuildFile section */

/* Begin PBXFileReference section */
		442573FE8068270D94BEB67A /* Pods-Reciplease.release.xcconfig */ = {isa = PBXFileReference; includeInIndex = 1; lastKnownFileType = text.xcconfig; name = "Pods-Reciplease.release.xcconfig"; path = "Target Support Files/Pods-Reciplease/Pods-Reciplease.release.xcconfig"; sourceTree = "<group>"; };
		AF485507A72C142D954A0942 /* Pods_Reciplease.framework */ = {isa = PBXFileReference; explicitFileType = wrapper.framework; includeInIndex = 0; path = Pods_Reciplease.framework; sourceTree = BUILT_PRODUCTS_DIR; };
		B635001323D0CE690019555D /* CoreDataStack.swift */ = {isa = PBXFileReference; lastKnownFileType = sourcecode.swift; path = CoreDataStack.swift; sourceTree = "<group>"; };
		B635001523D0CEA10019555D /* CoreDataManager.swift */ = {isa = PBXFileReference; lastKnownFileType = sourcecode.swift; path = CoreDataManager.swift; sourceTree = "<group>"; };
		B64E5B6F23DF525D00B70D5E /* RecipeTableViewCell.swift */ = {isa = PBXFileReference; lastKnownFileType = sourcecode.swift; path = RecipeTableViewCell.swift; sourceTree = "<group>"; };
		B64E5B7023DF525D00B70D5E /* RecipeTableViewCell.xib */ = {isa = PBXFileReference; lastKnownFileType = file.xib; path = RecipeTableViewCell.xib; sourceTree = "<group>"; };
		B66C28C123CF9D0900CEFE22 /* SearchViewController.swift */ = {isa = PBXFileReference; lastKnownFileType = sourcecode.swift; path = SearchViewController.swift; sourceTree = "<group>"; };
		B6B43DCD23E7403A00F89664 /* UIImageView+Icon.swift */ = {isa = PBXFileReference; lastKnownFileType = sourcecode.swift; path = "UIImageView+Icon.swift"; sourceTree = "<group>"; };
		B6B43DCF23E7412800F89664 /* DetailViewController.swift */ = {isa = PBXFileReference; lastKnownFileType = sourcecode.swift; path = DetailViewController.swift; sourceTree = "<group>"; };
		B6B8F0CF23CE571D00E46295 /* Reciplease.app */ = {isa = PBXFileReference; explicitFileType = wrapper.application; includeInIndex = 0; path = Reciplease.app; sourceTree = BUILT_PRODUCTS_DIR; };
		B6B8F0D223CE571D00E46295 /* AppDelegate.swift */ = {isa = PBXFileReference; lastKnownFileType = sourcecode.swift; path = AppDelegate.swift; sourceTree = "<group>"; };
		B6B8F0D423CE571D00E46295 /* SceneDelegate.swift */ = {isa = PBXFileReference; lastKnownFileType = sourcecode.swift; path = SceneDelegate.swift; sourceTree = "<group>"; };
		B6B8F0D923CE571D00E46295 /* Base */ = {isa = PBXFileReference; lastKnownFileType = file.storyboard; name = Base; path = Base.lproj/Main.storyboard; sourceTree = "<group>"; };
		B6B8F0DC23CE571D00E46295 /* Reciplease.xcdatamodel */ = {isa = PBXFileReference; lastKnownFileType = wrapper.xcdatamodel; path = Reciplease.xcdatamodel; sourceTree = "<group>"; };
		B6B8F0DE23CE571F00E46295 /* Assets.xcassets */ = {isa = PBXFileReference; lastKnownFileType = folder.assetcatalog; path = Assets.xcassets; sourceTree = "<group>"; };
		B6B8F0E123CE571F00E46295 /* Base */ = {isa = PBXFileReference; lastKnownFileType = file.storyboard; name = Base; path = Base.lproj/LaunchScreen.storyboard; sourceTree = "<group>"; };
		B6B8F0E323CE571F00E46295 /* Info.plist */ = {isa = PBXFileReference; lastKnownFileType = text.plist.xml; path = Info.plist; sourceTree = "<group>"; };
		B6C5661223DA1C73002222CF /* RecipeSession.swift */ = {isa = PBXFileReference; lastKnownFileType = sourcecode.swift; path = RecipeSession.swift; sourceTree = "<group>"; };
		B6C5661423DA1C89002222CF /* RecipeService.swift */ = {isa = PBXFileReference; lastKnownFileType = sourcecode.swift; path = RecipeService.swift; sourceTree = "<group>"; };
		B6C5661623DA1C9B002222CF /* ApiConfig.swift */ = {isa = PBXFileReference; lastKnownFileType = sourcecode.swift; path = ApiConfig.swift; sourceTree = "<group>"; };
		B6C5661823DA1D55002222CF /* MapperEncoder.swift */ = {isa = PBXFileReference; lastKnownFileType = sourcecode.swift; path = MapperEncoder.swift; sourceTree = "<group>"; };
		B6C5661A23DA1D9F002222CF /* NetWorkError.swift */ = {isa = PBXFileReference; lastKnownFileType = sourcecode.swift; path = NetWorkError.swift; sourceTree = "<group>"; };
		B6C5661C23DA1E15002222CF /* Recipe.swift */ = {isa = PBXFileReference; lastKnownFileType = sourcecode.swift; path = Recipe.swift; sourceTree = "<group>"; };
		B6ED263723DD9B1D0016B2E5 /* ViewController.swift */ = {isa = PBXFileReference; lastKnownFileType = sourcecode.swift; path = ViewController.swift; sourceTree = "<group>"; };
		B6ED263923DD9D3E0016B2E5 /* FavoriteRecipeViewController.swift */ = {isa = PBXFileReference; lastKnownFileType = sourcecode.swift; path = FavoriteRecipeViewController.swift; sourceTree = "<group>"; };
		B6ED263B23DE0CB10016B2E5 /* RecipeTableViewController.swift */ = {isa = PBXFileReference; lastKnownFileType = sourcecode.swift; path = RecipeTableViewController.swift; sourceTree = "<group>"; };
		F05B40799BC2B7592BCEA29B /* Pods-Reciplease.debug.xcconfig */ = {isa = PBXFileReference; includeInIndex = 1; lastKnownFileType = text.xcconfig; name = "Pods-Reciplease.debug.xcconfig"; path = "Target Support Files/Pods-Reciplease/Pods-Reciplease.debug.xcconfig"; sourceTree = "<group>"; };
/* End PBXFileReference section */

/* Begin PBXFrameworksBuildPhase section */
		B6B8F0CC23CE571D00E46295 /* Frameworks */ = {
			isa = PBXFrameworksBuildPhase;
			buildActionMask = 2147483647;
			files = (
				C4FB5DC31E534ACD7EA3AB4F /* Pods_Reciplease.framework in Frameworks */,
			);
			runOnlyForDeploymentPostprocessing = 0;
		};
/* End PBXFrameworksBuildPhase section */

/* Begin PBXGroup section */
		49D9BC250875A63AEB98F113 /* Pods */ = {
			isa = PBXGroup;
			children = (
				F05B40799BC2B7592BCEA29B /* Pods-Reciplease.debug.xcconfig */,
				442573FE8068270D94BEB67A /* Pods-Reciplease.release.xcconfig */,
			);
			path = Pods;
			sourceTree = "<group>";
		};
		B6B43DCC23E7401600F89664 /* Extension */ = {
			isa = PBXGroup;
			children = (
				B6B43DCD23E7403A00F89664 /* UIImageView+Icon.swift */,
			);
			path = Extension;
			sourceTree = "<group>";
		};
		B6B8F0C623CE571D00E46295 = {
			isa = PBXGroup;
			children = (
				B6B8F0D123CE571D00E46295 /* Reciplease */,
				B6B8F0D023CE571D00E46295 /* Products */,
				49D9BC250875A63AEB98F113 /* Pods */,
				E5BEA0D806CB18643985CC35 /* Frameworks */,
			);
			sourceTree = "<group>";
		};
		B6B8F0D023CE571D00E46295 /* Products */ = {
			isa = PBXGroup;
			children = (
				B6B8F0CF23CE571D00E46295 /* Reciplease.app */,
			);
			name = Products;
			sourceTree = "<group>";
		};
		B6B8F0D123CE571D00E46295 /* Reciplease */ = {
			isa = PBXGroup;
			children = (
				B6B43DCC23E7401600F89664 /* Extension */,
				B6B8F0EC23CE575100E46295 /* Supporting files */,
				B6B8F0EB23CE574800E46295 /* Controller */,
				B6B8F0EA23CE574100E46295 /* View */,
				B6B8F0E923CE573200E46295 /* Model */,
				B6B8F0E323CE571F00E46295 /* Info.plist */,
				B6C5661623DA1C9B002222CF /* ApiConfig.swift */,
			);
			path = Reciplease;
			sourceTree = "<group>";
		};
		B6B8F0E923CE573200E46295 /* Model */ = {
			isa = PBXGroup;
			children = (
				B6B8F0DB23CE571D00E46295 /* Reciplease.xcdatamodeld */,
				B635001323D0CE690019555D /* CoreDataStack.swift */,
				B635001523D0CEA10019555D /* CoreDataManager.swift */,
				B6C5661223DA1C73002222CF /* RecipeSession.swift */,
				B6C5661423DA1C89002222CF /* RecipeService.swift */,
				B6C5661823DA1D55002222CF /* MapperEncoder.swift */,
				B6C5661A23DA1D9F002222CF /* NetWorkError.swift */,
				B6C5661C23DA1E15002222CF /* Recipe.swift */,
			);
			path = Model;
			sourceTree = "<group>";
		};
		B6B8F0EA23CE574100E46295 /* View */ = {
			isa = PBXGroup;
			children = (
				B6B8F0E023CE571F00E46295 /* LaunchScreen.storyboard */,
				B6B8F0D823CE571D00E46295 /* Main.storyboard */,
				B64E5B6F23DF525D00B70D5E /* RecipeTableViewCell.swift */,
				B64E5B7023DF525D00B70D5E /* RecipeTableViewCell.xib */,
				B6B8F0DE23CE571F00E46295 /* Assets.xcassets */,
			);
			path = View;
			sourceTree = "<group>";
		};
		B6B8F0EB23CE574800E46295 /* Controller */ = {
			isa = PBXGroup;
			children = (
				B66C28C123CF9D0900CEFE22 /* SearchViewController.swift */,
				B6ED263723DD9B1D0016B2E5 /* ViewController.swift */,
				B6ED263923DD9D3E0016B2E5 /* FavoriteRecipeViewController.swift */,
				B6ED263B23DE0CB10016B2E5 /* RecipeTableViewController.swift */,
				B6B43DCF23E7412800F89664 /* DetailViewController.swift */,
			);
			path = Controller;
			sourceTree = "<group>";
		};
		B6B8F0EC23CE575100E46295 /* Supporting files */ = {
			isa = PBXGroup;
			children = (
				B6B8F0D223CE571D00E46295 /* AppDelegate.swift */,
				B6B8F0D423CE571D00E46295 /* SceneDelegate.swift */,
			);
			path = "Supporting files";
			sourceTree = "<group>";
		};
		E5BEA0D806CB18643985CC35 /* Frameworks */ = {
			isa = PBXGroup;
			children = (
				AF485507A72C142D954A0942 /* Pods_Reciplease.framework */,
			);
			name = Frameworks;
			sourceTree = "<group>";
		};
/* End PBXGroup section */

/* Begin PBXNativeTarget section */
		B6B8F0CE23CE571D00E46295 /* Reciplease */ = {
			isa = PBXNativeTarget;
			buildConfigurationList = B6B8F0E623CE571F00E46295 /* Build configuration list for PBXNativeTarget "Reciplease" */;
			buildPhases = (
				A146A75DB5DB657908A08B50 /* [CP] Check Pods Manifest.lock */,
				B6B8F0CB23CE571D00E46295 /* Sources */,
				B6B8F0CC23CE571D00E46295 /* Frameworks */,
				B6B8F0CD23CE571D00E46295 /* Resources */,
				D408C861CD4DC8EE42166A81 /* [CP] Embed Pods Frameworks */,
			);
			buildRules = (
			);
			dependencies = (
			);
			name = Reciplease;
			productName = Reciplease;
			productReference = B6B8F0CF23CE571D00E46295 /* Reciplease.app */;
			productType = "com.apple.product-type.application";
		};
/* End PBXNativeTarget section */

/* Begin PBXProject section */
		B6B8F0C723CE571D00E46295 /* Project object */ = {
			isa = PBXProject;
			attributes = {
				LastSwiftUpdateCheck = 1130;
				LastUpgradeCheck = 1130;
				ORGANIZATIONNAME = "Frederick Port";
				TargetAttributes = {
					B6B8F0CE23CE571D00E46295 = {
						CreatedOnToolsVersion = 11.3.1;
					};
				};
			};
			buildConfigurationList = B6B8F0CA23CE571D00E46295 /* Build configuration list for PBXProject "Reciplease" */;
			compatibilityVersion = "Xcode 9.3";
			developmentRegion = en;
			hasScannedForEncodings = 0;
			knownRegions = (
				en,
				Base,
			);
			mainGroup = B6B8F0C623CE571D00E46295;
			productRefGroup = B6B8F0D023CE571D00E46295 /* Products */;
			projectDirPath = "";
			projectRoot = "";
			targets = (
				B6B8F0CE23CE571D00E46295 /* Reciplease */,
			);
		};
/* End PBXProject section */

/* Begin PBXResourcesBuildPhase section */
		B6B8F0CD23CE571D00E46295 /* Resources */ = {
			isa = PBXResourcesBuildPhase;
			buildActionMask = 2147483647;
			files = (
				B6B8F0E223CE571F00E46295 /* LaunchScreen.storyboard in Resources */,
				B6B8F0DF23CE571F00E46295 /* Assets.xcassets in Resources */,
				B6B8F0DA23CE571D00E46295 /* Main.storyboard in Resources */,
				B64E5B7223DF525D00B70D5E /* RecipeTableViewCell.xib in Resources */,
			);
			runOnlyForDeploymentPostprocessing = 0;
		};
/* End PBXResourcesBuildPhase section */

/* Begin PBXShellScriptBuildPhase section */
		A146A75DB5DB657908A08B50 /* [CP] Check Pods Manifest.lock */ = {
			isa = PBXShellScriptBuildPhase;
			buildActionMask = 2147483647;
			files = (
			);
			inputFileListPaths = (
			);
			inputPaths = (
				"${PODS_PODFILE_DIR_PATH}/Podfile.lock",
				"${PODS_ROOT}/Manifest.lock",
			);
			name = "[CP] Check Pods Manifest.lock";
			outputFileListPaths = (
			);
			outputPaths = (
				"$(DERIVED_FILE_DIR)/Pods-Reciplease-checkManifestLockResult.txt",
			);
			runOnlyForDeploymentPostprocessing = 0;
			shellPath = /bin/sh;
			shellScript = "diff \"${PODS_PODFILE_DIR_PATH}/Podfile.lock\" \"${PODS_ROOT}/Manifest.lock\" > /dev/null\nif [ $? != 0 ] ; then\n    # print error to STDERR\n    echo \"error: The sandbox is not in sync with the Podfile.lock. Run 'pod install' or update your CocoaPods installation.\" >&2\n    exit 1\nfi\n# This output is used by Xcode 'outputs' to avoid re-running this script phase.\necho \"SUCCESS\" > \"${SCRIPT_OUTPUT_FILE_0}\"\n";
			showEnvVarsInLog = 0;
		};
		D408C861CD4DC8EE42166A81 /* [CP] Embed Pods Frameworks */ = {
			isa = PBXShellScriptBuildPhase;
			buildActionMask = 2147483647;
			files = (
			);
			inputFileListPaths = (
				"${PODS_ROOT}/Target Support Files/Pods-Reciplease/Pods-Reciplease-frameworks-${CONFIGURATION}-input-files.xcfilelist",
			);
			name = "[CP] Embed Pods Frameworks";
			outputFileListPaths = (
				"${PODS_ROOT}/Target Support Files/Pods-Reciplease/Pods-Reciplease-frameworks-${CONFIGURATION}-output-files.xcfilelist",
			);
			runOnlyForDeploymentPostprocessing = 0;
			shellPath = /bin/sh;
			shellScript = "\"${PODS_ROOT}/Target Support Files/Pods-Reciplease/Pods-Reciplease-frameworks.sh\"\n";
			showEnvVarsInLog = 0;
		};
/* End PBXShellScriptBuildPhase section */

/* Begin PBXSourcesBuildPhase section */
		B6B8F0CB23CE571D00E46295 /* Sources */ = {
			isa = PBXSourcesBuildPhase;
			buildActionMask = 2147483647;
			files = (
				B6C5661723DA1C9B002222CF /* ApiConfig.swift in Sources */,
				B6C5661D23DA1E15002222CF /* Recipe.swift in Sources */,
				B6B43DCE23E7403A00F89664 /* UIImageView+Icon.swift in Sources */,
				B6C5661323DA1C73002222CF /* RecipeSession.swift in Sources */,
				B635001623D0CEA10019555D /* CoreDataManager.swift in Sources */,
				B635001423D0CE690019555D /* CoreDataStack.swift in Sources */,
				B6C5661523DA1C89002222CF /* RecipeService.swift in Sources */,
				B6ED263823DD9B1D0016B2E5 /* ViewController.swift in Sources */,
				B6B8F0DD23CE571D00E46295 /* Reciplease.xcdatamodeld in Sources */,
				B6B43DD023E7412800F89664 /* DetailViewController.swift in Sources */,
				B6ED263C23DE0CB10016B2E5 /* RecipeTableViewController.swift in Sources */,
				B6ED263A23DD9D3E0016B2E5 /* FavoriteRecipeViewController.swift in Sources */,
				B6C5661923DA1D55002222CF /* MapperEncoder.swift in Sources */,
				B66C28C223CF9D0900CEFE22 /* SearchViewController.swift in Sources */,
				B6C5661B23DA1D9F002222CF /* NetWorkError.swift in Sources */,
				B6B8F0D323CE571D00E46295 /* AppDelegate.swift in Sources */,
				B6B8F0D523CE571D00E46295 /* SceneDelegate.swift in Sources */,
				B64E5B7123DF525D00B70D5E /* RecipeTableViewCell.swift in Sources */,
			);
			runOnlyForDeploymentPostprocessing = 0;
		};
/* End PBXSourcesBuildPhase section */

/* Begin PBXVariantGroup section */
		B6B8F0D823CE571D00E46295 /* Main.storyboard */ = {
			isa = PBXVariantGroup;
			children = (
				B6B8F0D923CE571D00E46295 /* Base */,
			);
			name = Main.storyboard;
			sourceTree = "<group>";
		};
		B6B8F0E023CE571F00E46295 /* LaunchScreen.storyboard */ = {
			isa = PBXVariantGroup;
			children = (
				B6B8F0E123CE571F00E46295 /* Base */,
			);
			name = LaunchScreen.storyboard;
			sourceTree = "<group>";
		};
/* End PBXVariantGroup section */

/* Begin XCBuildConfiguration section */
		B6B8F0E423CE571F00E46295 /* Debug */ = {
			isa = XCBuildConfiguration;
			buildSettings = {
				ALWAYS_SEARCH_USER_PATHS = NO;
				CLANG_ANALYZER_NONNULL = YES;
				CLANG_ANALYZER_NUMBER_OBJECT_CONVERSION = YES_AGGRESSIVE;
				CLANG_CXX_LANGUAGE_STANDARD = "gnu++14";
				CLANG_CXX_LIBRARY = "libc++";
				CLANG_ENABLE_MODULES = YES;
				CLANG_ENABLE_OBJC_ARC = YES;
				CLANG_ENABLE_OBJC_WEAK = YES;
				CLANG_WARN_BLOCK_CAPTURE_AUTORELEASING = YES;
				CLANG_WARN_BOOL_CONVERSION = YES;
				CLANG_WARN_COMMA = YES;
				CLANG_WARN_CONSTANT_CONVERSION = YES;
				CLANG_WARN_DEPRECATED_OBJC_IMPLEMENTATIONS = YES;
				CLANG_WARN_DIRECT_OBJC_ISA_USAGE = YES_ERROR;
				CLANG_WARN_DOCUMENTATION_COMMENTS = YES;
				CLANG_WARN_EMPTY_BODY = YES;
				CLANG_WARN_ENUM_CONVERSION = YES;
				CLANG_WARN_INFINITE_RECURSION = YES;
				CLANG_WARN_INT_CONVERSION = YES;
				CLANG_WARN_NON_LITERAL_NULL_CONVERSION = YES;
				CLANG_WARN_OBJC_IMPLICIT_RETAIN_SELF = YES;
				CLANG_WARN_OBJC_LITERAL_CONVERSION = YES;
				CLANG_WARN_OBJC_ROOT_CLASS = YES_ERROR;
				CLANG_WARN_RANGE_LOOP_ANALYSIS = YES;
				CLANG_WARN_STRICT_PROTOTYPES = YES;
				CLANG_WARN_SUSPICIOUS_MOVE = YES;
				CLANG_WARN_UNGUARDED_AVAILABILITY = YES_AGGRESSIVE;
				CLANG_WARN_UNREACHABLE_CODE = YES;
				CLANG_WARN__DUPLICATE_METHOD_MATCH = YES;
				COPY_PHASE_STRIP = NO;
				DEBUG_INFORMATION_FORMAT = dwarf;
				ENABLE_STRICT_OBJC_MSGSEND = YES;
				ENABLE_TESTABILITY = YES;
				GCC_C_LANGUAGE_STANDARD = gnu11;
				GCC_DYNAMIC_NO_PIC = NO;
				GCC_NO_COMMON_BLOCKS = YES;
				GCC_OPTIMIZATION_LEVEL = 0;
				GCC_PREPROCESSOR_DEFINITIONS = (
					"DEBUG=1",
					"$(inherited)",
				);
				GCC_WARN_64_TO_32_BIT_CONVERSION = YES;
				GCC_WARN_ABOUT_RETURN_TYPE = YES_ERROR;
				GCC_WARN_UNDECLARED_SELECTOR = YES;
				GCC_WARN_UNINITIALIZED_AUTOS = YES_AGGRESSIVE;
				GCC_WARN_UNUSED_FUNCTION = YES;
				GCC_WARN_UNUSED_VARIABLE = YES;
				IPHONEOS_DEPLOYMENT_TARGET = 11.0;
				MTL_ENABLE_DEBUG_INFO = INCLUDE_SOURCE;
				MTL_FAST_MATH = YES;
				ONLY_ACTIVE_ARCH = YES;
				SDKROOT = iphoneos;
				SWIFT_ACTIVE_COMPILATION_CONDITIONS = DEBUG;
				SWIFT_OPTIMIZATION_LEVEL = "-Onone";
			};
			name = Debug;
		};
		B6B8F0E523CE571F00E46295 /* Release */ = {
			isa = XCBuildConfiguration;
			buildSettings = {
				ALWAYS_SEARCH_USER_PATHS = NO;
				CLANG_ANALYZER_NONNULL = YES;
				CLANG_ANALYZER_NUMBER_OBJECT_CONVERSION = YES_AGGRESSIVE;
				CLANG_CXX_LANGUAGE_STANDARD = "gnu++14";
				CLANG_CXX_LIBRARY = "libc++";
				CLANG_ENABLE_MODULES = YES;
				CLANG_ENABLE_OBJC_ARC = YES;
				CLANG_ENABLE_OBJC_WEAK = YES;
				CLANG_WARN_BLOCK_CAPTURE_AUTORELEASING = YES;
				CLANG_WARN_BOOL_CONVERSION = YES;
				CLANG_WARN_COMMA = YES;
				CLANG_WARN_CONSTANT_CONVERSION = YES;
				CLANG_WARN_DEPRECATED_OBJC_IMPLEMENTATIONS = YES;
				CLANG_WARN_DIRECT_OBJC_ISA_USAGE = YES_ERROR;
				CLANG_WARN_DOCUMENTATION_COMMENTS = YES;
				CLANG_WARN_EMPTY_BODY = YES;
				CLANG_WARN_ENUM_CONVERSION = YES;
				CLANG_WARN_INFINITE_RECURSION = YES;
				CLANG_WARN_INT_CONVERSION = YES;
				CLANG_WARN_NON_LITERAL_NULL_CONVERSION = YES;
				CLANG_WARN_OBJC_IMPLICIT_RETAIN_SELF = YES;
				CLANG_WARN_OBJC_LITERAL_CONVERSION = YES;
				CLANG_WARN_OBJC_ROOT_CLASS = YES_ERROR;
				CLANG_WARN_RANGE_LOOP_ANALYSIS = YES;
				CLANG_WARN_STRICT_PROTOTYPES = YES;
				CLANG_WARN_SUSPICIOUS_MOVE = YES;
				CLANG_WARN_UNGUARDED_AVAILABILITY = YES_AGGRESSIVE;
				CLANG_WARN_UNREACHABLE_CODE = YES;
				CLANG_WARN__DUPLICATE_METHOD_MATCH = YES;
				COPY_PHASE_STRIP = NO;
				DEBUG_INFORMATION_FORMAT = "dwarf-with-dsym";
				ENABLE_NS_ASSERTIONS = NO;
				ENABLE_STRICT_OBJC_MSGSEND = YES;
				GCC_C_LANGUAGE_STANDARD = gnu11;
				GCC_NO_COMMON_BLOCKS = YES;
				GCC_WARN_64_TO_32_BIT_CONVERSION = YES;
				GCC_WARN_ABOUT_RETURN_TYPE = YES_ERROR;
				GCC_WARN_UNDECLARED_SELECTOR = YES;
				GCC_WARN_UNINITIALIZED_AUTOS = YES_AGGRESSIVE;
				GCC_WARN_UNUSED_FUNCTION = YES;
				GCC_WARN_UNUSED_VARIABLE = YES;
				IPHONEOS_DEPLOYMENT_TARGET = 11.0;
				MTL_ENABLE_DEBUG_INFO = NO;
				MTL_FAST_MATH = YES;
				SDKROOT = iphoneos;
				SWIFT_COMPILATION_MODE = wholemodule;
				SWIFT_OPTIMIZATION_LEVEL = "-O";
				VALIDATE_PRODUCT = YES;
			};
			name = Release;
		};
		B6B8F0E723CE571F00E46295 /* Debug */ = {
			isa = XCBuildConfiguration;
			baseConfigurationReference = F05B40799BC2B7592BCEA29B /* Pods-Reciplease.debug.xcconfig */;
			buildSettings = {
				ASSETCATALOG_COMPILER_APPICON_NAME = AppIcon;
				CODE_SIGN_STYLE = Automatic;
				DEVELOPMENT_TEAM = U43D64A3HX;
				INFOPLIST_FILE = Reciplease/Info.plist;
				LD_RUNPATH_SEARCH_PATHS = (
					"$(inherited)",
					"@executable_path/Frameworks",
				);
				PRODUCT_BUNDLE_IDENTIFIER = fr.port.frederick.Reciplease;
				PRODUCT_NAME = "$(TARGET_NAME)";
				SWIFT_VERSION = 5.0;
				TARGETED_DEVICE_FAMILY = "1,2";
			};
			name = Debug;
		};
		B6B8F0E823CE571F00E46295 /* Release */ = {
			isa = XCBuildConfiguration;
			baseConfigurationReference = 442573FE8068270D94BEB67A /* Pods-Reciplease.release.xcconfig */;
			buildSettings = {
				ASSETCATALOG_COMPILER_APPICON_NAME = AppIcon;
				CODE_SIGN_STYLE = Automatic;
				DEVELOPMENT_TEAM = U43D64A3HX;
				INFOPLIST_FILE = Reciplease/Info.plist;
				LD_RUNPATH_SEARCH_PATHS = (
					"$(inherited)",
					"@executable_path/Frameworks",
				);
				PRODUCT_BUNDLE_IDENTIFIER = fr.port.frederick.Reciplease;
				PRODUCT_NAME = "$(TARGET_NAME)";
				SWIFT_VERSION = 5.0;
				TARGETED_DEVICE_FAMILY = "1,2";
			};
			name = Release;
		};
/* End XCBuildConfiguration section */

/* Begin XCConfigurationList section */
		B6B8F0CA23CE571D00E46295 /* Build configuration list for PBXProject "Reciplease" */ = {
			isa = XCConfigurationList;
			buildConfigurations = (
				B6B8F0E423CE571F00E46295 /* Debug */,
				B6B8F0E523CE571F00E46295 /* Release */,
			);
			defaultConfigurationIsVisible = 0;
			defaultConfigurationName = Release;
		};
		B6B8F0E623CE571F00E46295 /* Build configuration list for PBXNativeTarget "Reciplease" */ = {
			isa = XCConfigurationList;
			buildConfigurations = (
				B6B8F0E723CE571F00E46295 /* Debug */,
				B6B8F0E823CE571F00E46295 /* Release */,
			);
			defaultConfigurationIsVisible = 0;
			defaultConfigurationName = Release;
		};
/* End XCConfigurationList section */

/* Begin XCVersionGroup section */
		B6B8F0DB23CE571D00E46295 /* Reciplease.xcdatamodeld */ = {
			isa = XCVersionGroup;
			children = (
				B6B8F0DC23CE571D00E46295 /* Reciplease.xcdatamodel */,
			);
			currentVersion = B6B8F0DC23CE571D00E46295 /* Reciplease.xcdatamodel */;
			path = Reciplease.xcdatamodeld;
			sourceTree = "<group>";
			versionGroupType = wrapper.xcdatamodel;
		};
/* End XCVersionGroup section */
	};
	rootObject = B6B8F0C723CE571D00E46295 /* Project object */;
}
